
Microsoft Visual Studio Solution File, Format Version 12.00
# Visual Studio Version 17
VisualStudioVersion = 17.3.32922.545
MinimumVisualStudioVersion = 10.0.40219.1
Project("{FAE04EC0-301F-11D3-BF4B-00C04F79EFBC}") = "SaloonApp", "SaloonApp\SaloonApp.csproj", "{3FD0864C-53B5-4357-AF3B-F238157E7E63}"
EndProject
Project("{FAE04EC0-301F-11D3-BF4B-00C04F79EFBC}") = "Holidays", "..\coursework solved problems\Holidays\Holidays.csproj", "{0AD5A3B3-7A6B-412F-94EA-0F20993F7877}"
EndProject
Global
	GlobalSection(SolutionConfigurationPlatforms) = preSolution
		Debug|Any CPU = Debug|Any CPU
		Release|Any CPU = Release|Any CPU
	EndGlobalSection
	GlobalSection(ProjectConfigurationPlatforms) = postSolution
		{3FD0864C-53B5-4357-AF3B-F238157E7E63}.Debug|Any CPU.ActiveCfg = Debug|Any CPU
		{3FD0864C-53B5-4357-AF3B-F238157E7E63}.Debug|Any CPU.Build.0 = Debug|Any CPU
		{3FD0864C-53B5-4357-AF3B-F238157E7E63}.Release|Any CPU.ActiveCfg = Release|Any CPU
		{3FD0864C-53B5-4357-AF3B-F238157E7E63}.Release|Any CPU.Build.0 = Release|Any CPU
		{0AD5A3B3-7A6B-412F-94EA-0F20993F7877}.Debug|Any CPU.ActiveCfg = Debug|Any CPU
		{0AD5A3B3-7A6B-412F-94EA-0F20993F7877}.Debug|Any CPU.Build.0 = Debug|Any CPU
		{0AD5A3B3-7A6B-412F-94EA-0F20993F7877}.Release|Any CPU.ActiveCfg = Release|Any CPU
		{0AD5A3B3-7A6B-412F-94EA-0F20993F7877}.Release|Any CPU.Build.0 = Release|Any CPU
	EndGlobalSection
	GlobalSection(SolutionProperties) = preSolution
		HideSolutionNode = FALSE
	EndGlobalSection
	GlobalSection(ExtensibilityGlobals) = postSolution
		SolutionGuid = {9AE6E8E8-AB09-4FAB-BB7D-D1551401CF1E}
	EndGlobalSection
EndGlobal
